Lr! D�CDD�R3�91!4�!!H,@�D@�-���yhrG���m�ޗ�(u���M>m�ZߛޮȨ��4���k��z�%��a��l��ނ+-�,��zd��&���z_ܡ׾~��{��r�^��ڙ��O�zָ��3w_��ᶼwOwkf�}���^��v�{n8խ�u�^�קr'�m�ޗ�b�b�{�O�zָ���z_�e�m�M>m�Z�ޮȨ��4���k��z�%��a��l��ނ+-�,��zd��&���z_�e�m���e�m��4���k��?m�7}���W�mݛ��m������=q�x��^���zw"z�!jY6�G��إ�m6�ϭ�G��}4n[�����;?r���}[�穮)��ܢ���[ޮȨ�m���(�����i���z����j��(����k�{c��(�����+{����3s�|�vٽ6m�=�����W�y�=����tu�^�קr'�n[�����;?��'�m��*^��h�����Z��ڙ�6��&�m5���jX�y�,�M)��^�;5׍ky�-��)����kl�&��F��k�{c��Z��b�������*'�M�z�%��a��l��ނ+-�,��zd��&��nz�����֭zئ{��u�^�)��m7��}�z�m�k������׸����Ǜ�g�]^y�z��u�܉��穮)��ܢ���W%j�'jg��j�i�~u���'$z����%��}ѹnz�����'(�Ͷ����*'�mkz�%��a��l��ނ+-�,��zd��&��nz�����'(����'(�϶�[`�V�۾_s��뽵�}�:�M��;i���}��שzw^�Ȟ��Z��ڙ�6��%��}ѹnz�����ǥy�v�[ޮȨ�m5��(�����i���z����j��(����k�{c����-���zW������3�:i��y�w�]wo^�Ӯ�m�x��\὚u�^�קr'�n[�����;?r���}\��,����m��X���-ʗ���^z����슉��n�z�%��a��l��ނ+-�,��zd��&�ܩz�܅竊����^z���M���3�vy��u��o���~�ݮ8�M4��5�^��*^��h�������*'�M+z�%��a��l��ނ+-�,��zd��&�ܩz�ݢn?��h����K`�Ms��yޛߦ�k�Zm���\����ㇴ�ܩz�ޟ<�{}u����*'�]v��(�����i���z����j��(��r��?z|�������g��]v���v�ӷ5y�}�gw��]���{����[s�xwz��u�܉�-ʗ���^z���*^���i�mʗ������brMt��ޮȨ�]6򷬢[�vm�����"���ɪ�H�o�ʗ������brO������brO��o-�7[����;�m��nۮ7�Ƕ���q�}���r��?�+-�����슉��j޲�oy�m��?�����k�&��� r���*^��b��+����+-����m��6�i��ۍo]��8�θ�w|kn���s����r��?�+-����[ޮȨ�����(�����i���z����j��(��r��?�+-�����b��+��:��3�gi���v��G�ׇ�羹��n_u��u���*^����w���6��슉��޲�oy�m��?�����k�&��� r���*^����w�����_'{~�-�>���Zo�{Ᾱ�]���6�gx�8[��r��?��-�}���슉��}kz�%��a��l��ނ+-�,��zd��&�ܩz��z���޲߶�}m�6��_Zy���Wx�Ǻ�;wW8�s�y�ͽq�r��?��Z�5�]x��슉�׍uⷬ�[�vm�����"���ɪ�H�o�ʗ��Zj���hu�!��x�^-�7�nui�}��]���{^5ݸ׍�o���n��r��?���v�'�+tӋޮȨ�M8��(�����i���z����j��(��r��?���v�'�+����Gh����4��3s���~��^����gZ{�{�n��<m����*^����*,ӎoz�"�}8򷬢[�vm�����"���ɪ�H�o�ʗ��j1��?����*,�N<���{�v��m��׹���k���}�۽�ӧ�z��u�܉��*,�^��*^���u�ޮȨ�]5ڷ��[�vm�����"���ɪ�H�o�ʗ��z{����^�]5��3տv�i�4��<i��sMvq�5߾Zu�5�:�*^���u�t�{ޮȨ�]9޷��[�vm�����"���ɪ�H�o�ʗ��z{����^�]9��3�i�<�u��x�}��o;﮽�~Ӧ���9�*^���i�~r�h�mw����*'�]���(�����i���z����j��(��r��?�朷�(������i�~r�h���ߛ`��oM�׼�޽���\w�}۞��<�שzw^�Ȟ�ܩz��y�-�*^���i�~v���Noz�"�}zӚ޲�oy�m��?�����k�&��� r���*^���i�~v�����i�~v��׭9����羺�����4�m�{���y}��o~�ޝz��u�܉�-ʗ��zzܩz��y�-�*^���i�~��nǭ4��슉��J޲�oy�m��?�����k�&��� r���*^���i�~��n����朷��v�~�M-�=��]y�f���zw�v}�9ӧ����G�F��^���zw"z�r��?�朶���4�ܩz��y�-��.����^oz�"�}�ך޲�oy�m��?�����k�&��� r���*^���i�~���z�����r߫��^���כ`;yoG\�|�������y�7�F��]���<�שzw^�Ȟ�ܩz���h�-�ʗ����r�r��?�朶ܩz��y�-׭�����*'׭�ⷬ�[�vm�����"���ɪ�H�o�ʗ����r�����rߵ�}x���F����u�{��wy��}q��׎��m�w~�z��u�܉���r�����j���r��ڲ�y�{ޮȨ�^u޷��[�vm�����"���ɪ�H�o�y���雗(���-��ڲߵ�]�?5מZ�w�4ݭ�y���~�sg=sG�{ۗ^���zw"z�m�,zf��;?��iz���ۥ{�(�ױ�^u��j���r���zZ^���o��ל�׵�]�y���雗(�����Z�ǫםwu��}t���r�4�|m�,zf��;?~Z�)���"�ߡ{�j��^u����*'םw��(�����i���z����j��(��m�,zf��;?~Z�)���"�ߡ{�j����~Z�)���"�ߡ{�j���y�{`�o\{F�k���W���q�q�\��]�_Z�����j���r���zZ^�橋竮���]�z�"�}y�z޲�oy�m��?�����k�&��� r����ڲǦn\���^�����b��뢿������j��z���y�{`��=oNuw��{_Z秶��Zk����[�8�f���j���r���zZ^���}��םw��슉��]�z�%��a��l��ނ+-�,��zd��&��j���r���zZ^���}�����zZ^���}���^u��3��oF�o���ݷ�]�s]���_wNz��}�^u�^�קr'�u��}t��ڲǦn\���^�����{��jg��]�z�"�}y�z޲�oy�m��?�����k�&��� r����ڲǦn\���^�����{��jg���^�����{��jg�םw��mݵ�V�kF�ׇ�Ӈ�}�_宺�ݺ�~�o�z��u�܉�0y���雗(�����k�{^�^u��j���r���zZ^���^u����*'םw��(�����i���z����j��(��m�,zf��;?��iz���o������~ɾםw��u������N]����^�Zi�����k�[�n0y���雗(��������n�{^��y�{ޮȨ�^u޷��[�vm�����"���ɪ�H�o�y���雗(��������n�{^����������n�{^�ߵ�]�7\��]}�uy޹�y�Ο���w���<�^;s�^���zw"z�^n�7�I���+�M7��ڲǦn\���^���������(u�y�{ޮȨ�^u޷��[�vm�����"���ɪ�H�o�y���雗(��������&���y�{����iz��jɾo+^r�^�^u��3�}���{F��m����}�����y�yk�;��ڲǦn\���^�������rب�^u����*'םw��(�����i���z����j��(��m�,zf��;?��iz��jɾ��-�����^�������rب��y�{`������tw};ݾ|�7s׿]^�w�;uשzw^�Ȟ��j���r��ڲ�y�|m�,zf��;?��iz����ޯ^u��j���r���zZ^���o��ל�׵�]�y���雗(������^u�כ����j���r���y��y�{ޮȨ�^u޷��[�vm�����"���ɪ�H�o�y���雗(��'�{�x���y�珵�]�>{��{s�5��y��ק��^�m7u�}ѽ7�^���zw"zȞy���]u��j���r���y�v�^u����*'םw��(�����i���z����j��(��m�,zf��;?�������W��o>םw��o��m��q�6�w5s_=��5u�7ݭ8kw�q�z��u�܉�%�x8�Lm�,zf��;?���םw��슉��]�z�%��a��l��ނ+-�,��zd��&��j���r����?���ϵ�]�>��wvq�:��������_�n���^�ݟm͸��m�,zf��;?��&��b�^u����*'םw��(�����i���z����j��(��m�,zf��;?��&��b�����&��b��y�{`��\y�z�6��V�ov��]ts�y����n�שzw^�Ȟ��j���r��ڲ�y�|m�,zf��;?��iz����ޯ^u��j���r���zZ^���o��ל�׵�]�y���雗(��������&�ǜ�*'םw��ڲǦn\����o�z}y�|m�,zf��;?��&��mםw��ڲǦn\����o�j��^u��j���r���j�~�������]�y���]0y���雗(������^u����*'םw��(�����i���z����j��(��m�,zf��;?��&�����jɾ���םw��{���]��7����4��^������׍;�G�z��u�܉�0y���雗(���-םw��ڲǦn\���^���������(u�y�|m�,zf��;?���5�]�y���雗(��W��o5�]�y���雗(���_�^u��j���r���jɾ��u�]�z�"�}y�z޲�oy�m��?�����k�&��� r����ڲǦn\����o��������)��y�{`�^;i�{�^����]\ߦ�ծ_���u�_�}w�שzw^�Ȟ��j���r��ڲ�y�|m�,zf��;?��iz����ޯ^u��j���r���jɾ����]�y���雗(�����Z�ǫםwu��}t��ڲǦn\����o�j��^u����*'םw��(�����i���z����j��(��m�,zf��;?��&���������o�j���y�{`ϧ��zs���t����4�ݷ�͝wƹ���}שzw^�Ȟ��j���r��ڲ�y�|m�,zf��;?��iz���/���+םw��ڲǦn\���^���������(u�y�|m�,zf��;?���5�]�y���雗(��W��o5�]�y���雗(���_�^u��j���r���j�~���z�y�{ޮȨ�^u޷��[�vm�����"���ɪ�H�o�y���雗(�����Z�ǫ���j�~���z���]�>{۶�ӗw�����{�]��x�F�g�뎞y�^���zw"z�m�,zf��;?j�u�]�y���雗(���hjا��h�{~��~���z�y�|m�,zf��;?��iz���/���+םw��ڲǦn\���^�����{��jg��]�y���雗(������~ɵ�]�x7�I���+�M7��ڲǦn\����ߩ�)�z�y�{ޮȨ�^u޷��[�vm�����"���ɪ�H�o�y���雗(�����k�{^�����-���׫�^u��3m��w��s^��{���s]^���s�w���yu�^�קr'���ڲǦn\�����^u��j���r���j�~���z�y�yh��Ѧ�o]8��슉�ӊ޲�oy�m��?�����k�&��� r��i�����m���N-�>_i�}sg4���u����W�n[�f������n������*'�]kz�%��a��l��ނ+-�,��zd��&��ۭ�����n���]u��������w]���~�N[��;}�w׿Zi�qǩ��w�z�l�~oz�"�}w淬�[�vm�����"���ɪ�H�o�qǩ�����z�l�]���o��u���^�ݭ�ׇ�k����9sǼ�:mݝz��u�܉�&�g��*^�mu�w��ؚ����V����w)ښ'>�jh�������*'�M+z�%��a��l��ނ+-�,��zd��&��(���v��Ϣ��+���i�+��r���s覦���}4���Wy����y��Ӷ�ٮ;{�t�]k�ۿz��u�܉�r���Mr���	hm�l�]/z�"�~5ҷ��[�vm�����"���ɪ�H�o�r���	hm�l���r���	hm�l��t��o�z�n]m�{s�������yǶog}����z��u�܉�r���Mr���Mr��筯z�"�~{ַ��[�vm�����"���ɪ�H�o�r�����r���������|�ݽ�:k�=ﾽ��4i�<�}��]��r���}/z�"�~y޷��[�vm�����"���ɪ�H�o�r�����r����w����w���n�kO�ǽm�9i�ӎ�����Z���{,(��7�KޮȨ�}���(�����i���z����j��(������
+v������G�ݳ����3{Λ�_\�M��6էz߾5߯|W^sM���j;��KޮȨ��v��(�����i���z����j��(������j;�睭�>�o��q��i�������x�f��V��m���=�^���zw"z�(�j�~u���j]t����������{�-�)�����H��r�k�kj����7Ѩ��]/z�"�~�ڷ��[�vm�����"���ɪ�H�oڎ�������v����=��[�g�qƺm����}��}m��{W�߭z��u�܉�j�~u���j]�����������{�-�)�����H��r�k�kj����8����;8�V��	���m�]Z�('�ױ�Mw��슉�׊޲�oy�m��?�����k�&��� r��jX���^�����b��{~�^-�=w��t�w����ݹ�Ͷo�:���}�u׷^���zw"z�"�ߨ}6���z�u�Zޥ���k�x5�f����o���u�KޮȨ�]6��(�����i���z����j��(������o���������o���~�M��?{k]u��=omui����]��_�Κ��=}��kv�u��